github.com/go-kit/kit v0.12.0 h1:e4o3o3IsBfAKQh5Qbbiqyfu97Ku7jrO/JbohvztANh4=
github.com/go-kit/kit v0.12.0/go.mod h1:lHd+EkCZPIwYItmGDDRdhinkzX2A1sj+M9biaEaizzs=
github.com/go-kit/log v0.2.0 h1:7i2K3eKTos3Vc0enKCfnVcgHh2olr/MyfboYq7cAcFw=
github.com/go-kit/log v0.2.0/go.mod h1:NwTd00d/i8cPZ3xOwwiv2PO5MOcx78fFErGNcVmBjv0=
github.com/go-logfmt/logfmt v0.5.1 h1:otpy5pqBCBZ1ng9RQ0dPu4PN7ba75Y/aA+UpowDyNVA=
github.com/go-logfmt/logfmt v0.5.1/go.mod h1:WYhtIu8zTZfxdn5+rREduYbwxfcBr/Vr6KEVveWlfTs=
